
Microsoft Visual Studio Solution File, Format Version 12.00
# Visual Studio Version 17
VisualStudioVersion = 17.3.32804.467
MinimumVisualStudioVersion = 10.0.40219.1
Project("{888888A0-9F3D-457C-B088-3A5042F75D52}") = "CMSE_830_Final", "CMSE_830_Final.pyproj", "{AF7E5E72-6FAF-467A-A084-16697500A7B3}"
EndProject
Global
	GlobalSection(SolutionConfigurationPlatforms) = preSolution
		Debug|Any CPU = Debug|Any CPU
		Release|Any CPU = Release|Any CPU
	EndGlobalSection
	GlobalSection(ProjectConfigurationPlatforms) = postSolution
		{AF7E5E72-6FAF-467A-A084-16697500A7B3}.Debug|Any CPU.ActiveCfg = Debug|Any CPU
		{AF7E5E72-6FAF-467A-A084-16697500A7B3}.Release|Any CPU.ActiveCfg = Release|Any CPU
	EndGlobalSection
	GlobalSection(SolutionProperties) = preSolution
		HideSolutionNode = FALSE
	EndGlobalSection
	GlobalSection(ExtensibilityGlobals) = postSolution
		SolutionGuid = {E8ECC9D2-BA6E-4FB0-9DC4-8C83D2E16249}
	EndGlobalSection
EndGlobal
